// !$*UTF8*$!
{
	archiveVersion = 1;
	classes = {
	};
	objectVersion = 50;
	objects = {

/* Begin PBXBuildFile section */
		3BBA16542901070700A1998A /* new.swift in Sources */ = {isa = PBXBuildFile; fileRef = 3BBA16532901070700A1998A /* new.swift */; };
		E17C660221A88C54006DB476 /* AppDelegate.swift in Sources */ = {isa = PBXBuildFile; fileRef = E17C660121A88C54006DB476 /* AppDelegate.swift */; };
		E17C660421A88C54006DB476 /* ViewController.swift in Sources */ = {isa = PBXBuildFile; fileRef = E17C660321A88C54006DB476 /* ViewController.swift */; };
		E17C660721A88C54006DB476 /* Main.storyboard in Resources */ = {isa = PBXBuildFile; fileRef = E17C660521A88C54006DB476 /* Main.storyboard */; };
		E17C660921A88C56006DB476 /* Assets.xcassets in Resources */ = {isa = PBXBuildFile; fileRef = E17C660821A88C56006DB476 /* Assets.xcassets */; };
		E17C660C21A88C56006DB476 /* LaunchScreen.storyboard in Resources */ = {isa = PBXBuildFile; fileRef = E17C660A21A88C56006DB476 /* LaunchScreen.storyboard */; };
		E17C661421A88CF9006DB476 /* ManageNotificationsViewController.swift in Sources */ = {isa = PBXBuildFile; fileRef = E17C661321A88CF9006DB476 /* ManageNotificationsViewController.swift */; };
		E17C661621A88D0C006DB476 /* NotificationCenterDelegate.swift in Sources */ = {isa = PBXBuildFile; fileRef = E17C661521A88D0B006DB476 /* NotificationCenterDelegate.swift */; };
		E17C662421A89C7A006DB476 /* HuliPizzaPayload.apns in Resources */ = {isa = PBXBuildFile; fileRef = E17C662321A89C7A006DB476 /* HuliPizzaPayload.apns */; };
/* End PBXBuildFile section */

/* Begin PBXFileReference section */
		3BBA16532901070700A1998A /* new.swift */ = {isa = PBXFileReference; lastKnownFileType = sourcecode.swift; path = new.swift; sourceTree = "<group>"; };
		E17C65FE21A88C54006DB476 /* Huli Pizza Notification.app */ = {isa = PBXFileReference; explicitFileType = wrapper.application; includeInIndex = 0; path = "Huli Pizza Notification.app"; sourceTree = BUILT_PRODUCTS_DIR; };
		E17C660121A88C54006DB476 /* AppDelegate.swift */ = {isa = PBXFileReference; lastKnownFileType = sourcecode.swift; path = AppDelegate.swift; sourceTree = "<group>"; };
		E17C660321A88C54006DB476 /* ViewController.swift */ = {isa = PBXFileReference; lastKnownFileType = sourcecode.swift; path = ViewController.swift; sourceTree = "<group>"; };
		E17C660621A88C54006DB476 /* Base */ = {isa = PBXFileReference; lastKnownFileType = file.storyboard; name = Base; path = Base.lproj/Main.storyboard; sourceTree = "<group>"; };
		E17C660821A88C56006DB476 /* Assets.xcassets */ = {isa = PBXFileReference; lastKnownFileType = folder.assetcatalog; path = Assets.xcassets; sourceTree = "<group>"; };
		E17C660B21A88C56006DB476 /* Base */ = {isa = PBXFileReference; lastKnownFileType = file.storyboard; name = Base; path = Base.lproj/LaunchScreen.storyboard; sourceTree = "<group>"; };
		E17C660D21A88C56006DB476 /* Info.plist */ = {isa = PBXFileReference; lastKnownFileType = text.plist.xml; path = Info.plist; sourceTree = "<group>"; };
		E17C661321A88CF9006DB476 /* ManageNotificationsViewController.swift */ = {isa = PBXFileReference; fileEncoding = 4; lastKnownFileType = sourcecode.swift; path = ManageNotificationsViewController.swift; sourceTree = "<group>"; };
		E17C661521A88D0B006DB476 /* NotificationCenterDelegate.swift */ = {isa = PBXFileReference; fileEncoding = 4; lastKnownFileType = sourcecode.swift; path = NotificationCenterDelegate.swift; sourceTree = "<group>"; };
		E17C662321A89C7A006DB476 /* HuliPizzaPayload.apns */ = {isa = PBXFileReference; lastKnownFileType = text; path = HuliPizzaPayload.apns; sourceTree = "<group>"; };
/* End PBXFileReference section */

/* Begin PBXFrameworksBuildPhase section */
		E17C65FB21A88C54006DB476 /* Frameworks */ = {
			isa = PBXFrameworksBuildPhase;
			buildActionMask = 2147483647;
			files = (
			);
			runOnlyForDeploymentPostprocessing = 0;
		};
/* End PBXFrameworksBuildPhase section */

/* Begin PBXGroup section */
		E17C65F521A88C54006DB476 = {
			isa = PBXGroup;
			children = (
				E17C660021A88C54006DB476 /* Huli Pizza Notification */,
				E17C65FF21A88C54006DB476 /* Products */,
			);
			sourceTree = "<group>";
		};
		E17C65FF21A88C54006DB476 /* Products */ = {
			isa = PBXGroup;
			children = (
				E17C65FE21A88C54006DB476 /* Huli Pizza Notification.app */,
			);
			name = Products;
			sourceTree = "<group>";
		};
		E17C660021A88C54006DB476 /* Huli Pizza Notification */ = {
			isa = PBXGroup;
			children = (
				E17C660521A88C54006DB476 /* Main.storyboard */,
				E17C660121A88C54006DB476 /* AppDelegate.swift */,
				E17C661521A88D0B006DB476 /* NotificationCenterDelegate.swift */,
				E17C661721A88D1B006DB476 /* View Controllers */,
				E17C660821A88C56006DB476 /* Assets.xcassets */,
				E17C660A21A88C56006DB476 /* LaunchScreen.storyboard */,
				E17C660D21A88C56006DB476 /* Info.plist */,
				E17C662321A89C7A006DB476 /* HuliPizzaPayload.apns */,
			);
			path = "Huli Pizza Notification";
			sourceTree = "<group>";
		};
		E17C661721A88D1B006DB476 /* View Controllers */ = {
			isa = PBXGroup;
			children = (
				E17C660321A88C54006DB476 /* ViewController.swift */,
				E17C661321A88CF9006DB476 /* ManageNotificationsViewController.swift */,
				3BBA16532901070700A1998A /* new.swift */,
			);
			path = "View Controllers";
			sourceTree = "<group>";
		};
/* End PBXGroup section */

/* Begin PBXNativeTarget section */
		E17C65FD21A88C54006DB476 /* Huli Pizza Notification */ = {
			isa = PBXNativeTarget;
			buildConfigurationList = E17C661021A88C56006DB476 /* Build configuration list for PBXNativeTarget "Huli Pizza Notification" */;
			buildPhases = (
				E17C65FA21A88C54006DB476 /* Sources */,
				E17C65FB21A88C54006DB476 /* Frameworks */,
				E17C65FC21A88C54006DB476 /* Resources */,
			);
			buildRules = (
			);
			dependencies = (
			);
			name = "Huli Pizza Notification";
			productName = "Huli Pizza Notification";
			productReference = E17C65FE21A88C54006DB476 /* Huli Pizza Notification.app */;
			productType = "com.apple.product-type.application";
		};
/* End PBXNativeTarget section */

/* Begin PBXProject section */
		E17C65F621A88C54006DB476 /* Project object */ = {
			isa = PBXProject;
			attributes = {
				LastSwiftUpdateCheck = 1010;
				LastUpgradeCheck = 1010;
				ORGANIZATIONNAME = "Steven Lipton";
				TargetAttributes = {
					E17C65FD21A88C54006DB476 = {
						CreatedOnToolsVersion = 10.1;
					};
				};
			};
			buildConfigurationList = E17C65F921A88C54006DB476 /* Build configuration list for PBXProject "Huli Pizza Notification" */;
			compatibilityVersion = "Xcode 9.3";
			developmentRegion = en;
			hasScannedForEncodings = 0;
			knownRegions = (
				en,
				Base,
			);
			mainGroup = E17C65F521A88C54006DB476;
			productRefGroup = E17C65FF21A88C54006DB476 /* Products */;
			projectDirPath = "";
			projectRoot = "";
			targets = (
				E17C65FD21A88C54006DB476 /* Huli Pizza Notification */,
			);
		};
/* End PBXProject section */

/* Begin PBXResourcesBuildPhase section */
		E17C65FC21A88C54006DB476 /* Resources */ = {
			isa = PBXResourcesBuildPhase;
			buildActionMask = 2147483647;
			files = (
				E17C660C21A88C56006DB476 /* LaunchScreen.storyboard in Resources */,
				E17C662421A89C7A006DB476 /* HuliPizzaPayload.apns in Resources */,
				E17C660921A88C56006DB476 /* Assets.xcassets in Resources */,
				E17C660721A88C54006DB476 /* Main.storyboard in Resources */,
			);
			runOnlyForDeploymentPostprocessing = 0;
		};
/* End PBXResourcesBuildPhase section */

/* Begin PBXSourcesBuildPhase section */
		E17C65FA21A88C54006DB476 /* Sources */ = {
			isa = PBXSourcesBuildPhase;
			buildActionMask = 2147483647;
			files = (
				E17C661621A88D0C006DB476 /* NotificationCenterDelegate.swift in Sources */,
				E17C661421A88CF9006DB476 /* ManageNotificationsViewController.swift in Sources */,
				E17C660421A88C54006DB476 /* ViewController.swift in Sources */,
				E17C660221A88C54006DB476 /* AppDelegate.swift in Sources */,
				3BBA16542901070700A1998A /* new.swift in Sources */,
			);
			runOnlyForDeploymentPostprocessing = 0;
		};
/* End PBXSourcesBuildPhase section */

/* Begin PBXVariantGroup section */
		E17C660521A88C54006DB476 /* Main.storyboard */ = {
			isa = PBXVariantGroup;
			children = (
				E17C660621A88C54006DB476 /* Base */,
			);
			name = Main.storyboard;
			sourceTree = "<group>";
		};
		E17C660A21A88C56006DB476 /* LaunchScreen.storyboard */ = {
			isa = PBXVariantGroup;
			children = (
				E17C660B21A88C56006DB476 /* Base */,
			);
			name = LaunchScreen.storyboard;
			sourceTree = "<group>";
		};
/* End PBXVariantGroup section */

/* Begin XCBuildConfiguration section */
		E17C660E21A88C56006DB476 /* Debug */ = {
			isa = XCBuildConfiguration;
			buildSettings = {
				ALWAYS_SEARCH_USER_PATHS = NO;
				CLANG_ANALYZER_NONNULL = YES;
				CLANG_ANALYZER_NUMBER_OBJECT_CONVERSION = YES_AGGRESSIVE;
				CLANG_CXX_LANGUAGE_STANDARD = "gnu++14";
				CLANG_CXX_LIBRARY = "libc++";
				CLANG_ENABLE_MODULES = YES;
				CLANG_ENABLE_OBJC_ARC = YES;
				CLANG_ENABLE_OBJC_WEAK = YES;
				CLANG_WARN_BLOCK_CAPTURE_AUTORELEASING = YES;
				CLANG_WARN_BOOL_CONVERSION = YES;
				CLANG_WARN_COMMA = YES;
				CLANG_WARN_CONSTANT_CONVERSION = YES;
				CLANG_WARN_DEPRECATED_OBJC_IMPLEMENTATIONS = YES;
				CLANG_WARN_DIRECT_OBJC_ISA_USAGE = YES_ERROR;
				CLANG_WARN_DOCUMENTATION_COMMENTS = YES;
				CLANG_WARN_EMPTY_BODY = YES;
				CLANG_WARN_ENUM_CONVERSION = YES;
				CLANG_WARN_INFINITE_RECURSION = YES;
				CLANG_WARN_INT_CONVERSION = YES;
				CLANG_WARN_NON_LITERAL_NULL_CONVERSION = YES;
				CLANG_WARN_OBJC_IMPLICIT_RETAIN_SELF = YES;
				CLANG_WARN_OBJC_LITERAL_CONVERSION = YES;
				CLANG_WARN_OBJC_ROOT_CLASS = YES_ERROR;
				CLANG_WARN_RANGE_LOOP_ANALYSIS = YES;
				CLANG_WARN_STRICT_PROTOTYPES = YES;
				CLANG_WARN_SUSPICIOUS_MOVE = YES;
				CLANG_WARN_UNGUARDED_AVAILABILITY = YES_AGGRESSIVE;
				CLANG_WARN_UNREACHABLE_CODE = YES;
				CLANG_WARN__DUPLICATE_METHOD_MATCH = YES;
				CODE_SIGN_IDENTITY = "iPhone Developer";
				COPY_PHASE_STRIP = NO;
				DEBUG_INFORMATION_FORMAT = dwarf;
				ENABLE_STRICT_OBJC_MSGSEND = YES;
				ENABLE_TESTABILITY = YES;
				GCC_C_LANGUAGE_STANDARD = gnu11;
				GCC_DYNAMIC_NO_PIC = NO;
				GCC_NO_COMMON_BLOCKS = YES;
				GCC_OPTIMIZATION_LEVEL = 0;
				GCC_PREPROCESSOR_DEFINITIONS = (
					"DEBUG=1",
					"$(inherited)",
				);
				GCC_WARN_64_TO_32_BIT_CONVERSION = YES;
				GCC_WARN_ABOUT_RETURN_TYPE = YES_ERROR;
				GCC_WARN_UNDECLARED_SELECTOR = YES;
				GCC_WARN_UNINITIALIZED_AUTOS = YES_AGGRESSIVE;
				GCC_WARN_UNUSED_FUNCTION = YES;
				GCC_WARN_UNUSED_VARIABLE = YES;
				IPHONEOS_DEPLOYMENT_TARGET = 12.1;
				MTL_ENABLE_DEBUG_INFO = INCLUDE_SOURCE;
				MTL_FAST_MATH = YES;
				ONLY_ACTIVE_ARCH = YES;
				SDKROOT = iphoneos;
				SWIFT_ACTIVE_COMPILATION_CONDITIONS = DEBUG;
				SWIFT_OPTIMIZATION_LEVEL = "-Onone";
			};
			name = Debug;
		};
		E17C660F21A88C56006DB476 /* Release */ = {
			isa = XCBuildConfiguration;
			buildSettings = {
				ALWAYS_SEARCH_USER_PATHS = NO;
				CLANG_ANALYZER_NONNULL = YES;
				CLANG_ANALYZER_NUMBER_OBJECT_CONVERSION = YES_AGGRESSIVE;
				CLANG_CXX_LANGUAGE_STANDARD = "gnu++14";
				CLANG_CXX_LIBRARY = "libc++";
				CLANG_ENABLE_MODULES = YES;
				CLANG_ENABLE_OBJC_ARC = YES;
				CLANG_ENABLE_OBJC_WEAK = YES;
				CLANG_WARN_BLOCK_CAPTURE_AUTORELEASING = YES;
				CLANG_WARN_BOOL_CONVERSION = YES;
				CLANG_WARN_COMMA = YES;
				CLANG_WARN_CONSTANT_CONVERSION = YES;
				CLANG_WARN_DEPRECATED_OBJC_IMPLEMENTATIONS = YES;
				CLANG_WARN_DIRECT_OBJC_ISA_USAGE = YES_ERROR;
				CLANG_WARN_DOCUMENTATION_COMMENTS = YES;
				CLANG_WARN_EMPTY_BODY = YES;
				CLANG_WARN_ENUM_CONVERSION = YES;
				CLANG_WARN_INFINITE_RECURSION = YES;
				CLANG_WARN_INT_CONVERSION = YES;
				CLANG_WARN_NON_LITERAL_NULL_CONVERSION = YES;
				CLANG_WARN_OBJC_IMPLICIT_RETAIN_SELF = YES;
				CLANG_WARN_OBJC_LITERAL_CONVERSION = YES;
				CLANG_WARN_OBJC_ROOT_CLASS = YES_ERROR;
				CLANG_WARN_RANGE_LOOP_ANALYSIS = YES;
				CLANG_WARN_STRICT_PROTOTYPES = YES;
				CLANG_WARN_SUSPICIOUS_MOVE = YES;
				CLANG_WARN_UNGUARDED_AVAILABILITY = YES_AGGRESSIVE;
				CLANG_WARN_UNREACHABLE_CODE = YES;
				CLANG_WARN__DUPLICATE_METHOD_MATCH = YES;
				CODE_SIGN_IDENTITY = "iPhone Developer";
				COPY_PHASE_STRIP = NO;
				DEBUG_INFORMATION_FORMAT = "dwarf-with-dsym";
				ENABLE_NS_ASSERTIONS = NO;
				ENABLE_STRICT_OBJC_MSGSEND = YES;
				GCC_C_LANGUAGE_STANDARD = gnu11;
				GCC_NO_COMMON_BLOCKS = YES;
				GCC_WARN_64_TO_32_BIT_CONVERSION = YES;
				GCC_WARN_ABOUT_RETURN_TYPE = YES_ERROR;
				GCC_WARN_UNDECLARED_SELECTOR = YES;
				GCC_WARN_UNINITIALIZED_AUTOS = YES_AGGRESSIVE;
				GCC_WARN_UNUSED_FUNCTION = YES;
				GCC_WARN_UNUSED_VARIABLE = YES;
				IPHONEOS_DEPLOYMENT_TARGET = 12.1;
				MTL_ENABLE_DEBUG_INFO = NO;
				MTL_FAST_MATH = YES;
				SDKROOT = iphoneos;
				SWIFT_COMPILATION_MODE = wholemodule;
				SWIFT_OPTIMIZATION_LEVEL = "-O";
				VALIDATE_PRODUCT = YES;
			};
			name = Release;
		};
		E17C661121A88C56006DB476 /* Debug */ = {
			isa = XCBuildConfiguration;
			buildSettings = {
				ASSETCATALOG_COMPILER_APPICON_NAME = AppIcon;
				CODE_SIGN_STYLE = Automatic;
				DEVELOPMENT_TEAM = P6DBU8DWFF;
				INFOPLIST_FILE = "Huli Pizza Notification/Info.plist";
				LD_RUNPATH_SEARCH_PATHS = (
					"$(inherited)",
					"@executable_path/Frameworks",
				);
				PRODUCT_BUNDLE_IDENTIFIER = "com.makeAppPie.Huli-Pizza-Notification";
				PRODUCT_NAME = "$(TARGET_NAME)";
				SWIFT_VERSION = 4.2;
				TARGETED_DEVICE_FAMILY = "1,2";
			};
			name = Debug;
		};
		E17C661221A88C56006DB476 /* Release */ = {
			isa = XCBuildConfiguration;
			buildSettings = {
				ASSETCATALOG_COMPILER_APPICON_NAME = AppIcon;
				CODE_SIGN_STYLE = Automatic;
				DEVELOPMENT_TEAM = P6DBU8DWFF;
				INFOPLIST_FILE = "Huli Pizza Notification/Info.plist";
				LD_RUNPATH_SEARCH_PATHS = (
					"$(inherited)",
					"@executable_path/Frameworks",
				);
				PRODUCT_BUNDLE_IDENTIFIER = "com.makeAppPie.Huli-Pizza-Notification";
				PRODUCT_NAME = "$(TARGET_NAME)";
				SWIFT_VERSION = 4.2;
				TARGETED_DEVICE_FAMILY = "1,2";
			};
			name = Release;
		};
/* End XCBuildConfiguration section */

/* Begin XCConfigurationList section */
		E17C65F921A88C54006DB476 /* Build configuration list for PBXProject "Huli Pizza Notification" */ = {
			isa = XCConfigurationList;
			buildConfigurations = (
				E17C660E21A88C56006DB476 /* Debug */,
				E17C660F21A88C56006DB476 /* Release */,
			);
			defaultConfigurationIsVisible = 0;
			defaultConfigurationName = Release;
		};
		E17C661021A88C56006DB476 /* Build configuration list for PBXNativeTarget "Huli Pizza Notification" */ = {
			isa = XCConfigurationList;
			buildConfigurations = (
				E17C661121A88C56006DB476 /* Debug */,
				E17C661221A88C56006DB476 /* Release */,
			);
			defaultConfigurationIsVisible = 0;
			defaultConfigurationName = Release;
		};
/* End XCConfigurationList section */
	};
	rootObject = E17C65F621A88C54006DB476 /* Project object */;
}
